{
  "lockfileVersion": 1,
  "configVersion": 1,
  "workspaces": {
    "": {
      "devDependencies": {
        "turbo": "^2.9.18",
      },
    },
  },
  "packages": {
    "@turbo/darwin-64": ["@turbo/darwin-64@2.9.18", "", { "os": "darwin", "cpu": "x64" }, "sha512-9f27peFu16ur8c0v9nUFUEyBnbKuuFsUTjHFWfmwGfzySBXbHwzU44QhZon6Mznz0cHsIr3984NQj/bVrnGSRw=="],

    "@turbo/darwin-arm64": ["@turbo/darwin-arm64@2.9.18", "", { "os": "darwin", "cpu": "arm64" }, "sha512-9A6TMRq/Ib+QnbhLlgkhOm+624wO4pzSQ/yQviQfWHOlFvaYxdnIAYmu2H6TS6y7kSVL0DvzNe04NbESTOzFVQ=="],

    "@turbo/linux-64": ["@turbo/linux-64@2.9.18", "", { "os": "linux", "cpu": "x64" }, "sha512-zCdIDtz69AnbYh913elJRRoF3QY5aa2HNnf+4rAkc7bQ+tWujiDkCNV7stazOUPggaDvhKIf2Z87qHftTeXSkw=="],

    "@turbo/linux-arm64": ["@turbo/linux-arm64@2.9.18", "", { "os": "linux", "cpu": "arm64" }, "sha512-Va1kXI04naMgYwqv/5Dfa36dTDx8015U7oaQAjrXa45ua9OoFjSV4OmvkML4EmXvUclQHCiBRbY8bvd0jV7eAg=="],

    "@turbo/windows-64": ["@turbo/windows-64@2.9.18", "", { "os": "win32", "cpu": "x64" }, "sha512-m0kDhZANxSNz9ck1ybogFscHabriAsp4eDFNrN/1H5WrgTF7b3VlcPZnhuO3v2+E2KnCbeAc+UUT10BZZHdDKw=="],

    "@turbo/windows-arm64": ["@turbo/windows-arm64@2.9.18", "", { "os": "win32", "cpu": "arm64" }, "sha512-nUdR8WqoomUys9iIQmG45TMiizJ+5BV8egSeLLZba/AWblyp3fVBcIH1kSE58OtK4g2YzbMJEth6Ttv9w5rqMA=="],

    "turbo": ["turbo@2.9.18", "", { "optionalDependencies": { "@turbo/darwin-64": "2.9.18", "@turbo/darwin-arm64": "2.9.18", "@turbo/linux-64": "2.9.18", "@turbo/linux-arm64": "2.9.18", "@turbo/windows-64": "2.9.18", "@turbo/windows-arm64": "2.9.18" }, "bin": { "turbo": "bin/turbo" } }, "sha512-bwabv6PupzeavybzEoArBAkwq5fnzwf8OFnRtpHwnviFWuwJPFxtyH+aVp36TmIqK3aYYgtTJ3J0m2ysxxSzQg=="],
  }
}
